
Microsoft Visual Studio Solution File, Format Version 12.00
# Visual Studio Version 17
VisualStudioVersion = 17.5.33530.505
MinimumVisualStudioVersion = 10.0.40219.1
Project("{FAE04EC0-301F-11D3-BF4B-00C04F79EFBC}") = "AtividadesValid", "AtividadesValid\AtividadesValid.csproj", "{D505AF6E-900C-42EA-BF1C-27282B995B8D}"
EndProject
Global
	GlobalSection(SolutionConfigurationPlatforms) = preSolution
		Debug|Any CPU = Debug|Any CPU
		Release|Any CPU = Release|Any CPU
	EndGlobalSection
	GlobalSection(ProjectConfigurationPlatforms) = postSolution
		{D505AF6E-900C-42EA-BF1C-27282B995B8D}.Debug|Any CPU.ActiveCfg = Debug|Any CPU
		{D505AF6E-900C-42EA-BF1C-27282B995B8D}.Debug|Any CPU.Build.0 = Debug|Any CPU
		{D505AF6E-900C-42EA-BF1C-27282B995B8D}.Release|Any CPU.ActiveCfg = Release|Any CPU
		{D505AF6E-900C-42EA-BF1C-27282B995B8D}.Release|Any CPU.Build.0 = Release|Any CPU
	EndGlobalSection
	GlobalSection(SolutionProperties) = preSolution
		HideSolutionNode = FALSE
	EndGlobalSection
	GlobalSection(ExtensibilityGlobals) = postSolution
		SolutionGuid = {339C392F-A64A-4116-9C30-4B45F94C37B1}
	EndGlobalSection
EndGlobal
