
Microsoft Visual Studio Solution File, Format Version 12.00
# Visual Studio Version 17
VisualStudioVersion = 17.5.33530.505
MinimumVisualStudioVersion = 10.0.40219.1
Project("{FAE04EC0-301F-11D3-BF4B-00C04F79EFBC}") = "AtividadeValidação", "AtividadeValidação\AtividadeValidação.csproj", "{C156656E-BCBD-434F-B81E-675B2C715CF3}"
EndProject
Global
	GlobalSection(SolutionConfigurationPlatforms) = preSolution
		Debug|Any CPU = Debug|Any CPU
		Release|Any CPU = Release|Any CPU
	EndGlobalSection
	GlobalSection(ProjectConfigurationPlatforms) = postSolution
		{C156656E-BCBD-434F-B81E-675B2C715CF3}.Debug|Any CPU.ActiveCfg = Debug|Any CPU
		{C156656E-BCBD-434F-B81E-675B2C715CF3}.Debug|Any CPU.Build.0 = Debug|Any CPU
		{C156656E-BCBD-434F-B81E-675B2C715CF3}.Release|Any CPU.ActiveCfg = Release|Any CPU
		{C156656E-BCBD-434F-B81E-675B2C715CF3}.Release|Any CPU.Build.0 = Release|Any CPU
	EndGlobalSection
	GlobalSection(SolutionProperties) = preSolution
		HideSolutionNode = FALSE
	EndGlobalSection
	GlobalSection(ExtensibilityGlobals) = postSolution
		SolutionGuid = {2BCF87B0-67D2-4655-91BC-B9B56266C618}
	EndGlobalSection
EndGlobal
