
Microsoft Visual Studio Solution File, Format Version 12.00
# Visual Studio Version 17
VisualStudioVersion = 17.5.33530.505
MinimumVisualStudioVersion = 10.0.40219.1
Project("{FAE04EC0-301F-11D3-BF4B-00C04F79EFBC}") = "Atividade Validar CPF", "Atividade Validar CPF\Atividade Validar CPF.csproj", "{221D9875-FD2C-4E18-A9D4-A0D99190C901}"
EndProject
Global
	GlobalSection(SolutionConfigurationPlatforms) = preSolution
		Debug|Any CPU = Debug|Any CPU
		Release|Any CPU = Release|Any CPU
	EndGlobalSection
	GlobalSection(ProjectConfigurationPlatforms) = postSolution
		{221D9875-FD2C-4E18-A9D4-A0D99190C901}.Debug|Any CPU.ActiveCfg = Debug|Any CPU
		{221D9875-FD2C-4E18-A9D4-A0D99190C901}.Debug|Any CPU.Build.0 = Debug|Any CPU
		{221D9875-FD2C-4E18-A9D4-A0D99190C901}.Release|Any CPU.ActiveCfg = Release|Any CPU
		{221D9875-FD2C-4E18-A9D4-A0D99190C901}.Release|Any CPU.Build.0 = Release|Any CPU
	EndGlobalSection
	GlobalSection(SolutionProperties) = preSolution
		HideSolutionNode = FALSE
	EndGlobalSection
	GlobalSection(ExtensibilityGlobals) = postSolution
		SolutionGuid = {509799A3-2929-4323-AF80-91BC5B271FE8}
	EndGlobalSection
EndGlobal
