
Microsoft Visual Studio Solution File, Format Version 12.00
# Visual Studio Version 17
VisualStudioVersion = 17.5.33530.505
MinimumVisualStudioVersion = 10.0.40219.1
Project("{FAE04EC0-301F-11D3-BF4B-00C04F79EFBC}") = "ValidadorCNPJ", "ValidadorCNPJ\ValidadorCNPJ.csproj", "{331F27BD-6C29-45D5-8476-B530D2608E10}"
EndProject
Global
	GlobalSection(SolutionConfigurationPlatforms) = preSolution
		Debug|Any CPU = Debug|Any CPU
		Release|Any CPU = Release|Any CPU
	EndGlobalSection
	GlobalSection(ProjectConfigurationPlatforms) = postSolution
		{331F27BD-6C29-45D5-8476-B530D2608E10}.Debug|Any CPU.ActiveCfg = Debug|Any CPU
		{331F27BD-6C29-45D5-8476-B530D2608E10}.Debug|Any CPU.Build.0 = Debug|Any CPU
		{331F27BD-6C29-45D5-8476-B530D2608E10}.Release|Any CPU.ActiveCfg = Release|Any CPU
		{331F27BD-6C29-45D5-8476-B530D2608E10}.Release|Any CPU.Build.0 = Release|Any CPU
	EndGlobalSection
	GlobalSection(SolutionProperties) = preSolution
		HideSolutionNode = FALSE
	EndGlobalSection
	GlobalSection(ExtensibilityGlobals) = postSolution
		SolutionGuid = {BD190E7B-9939-4BE6-ABC3-E1737A77BC03}
	EndGlobalSection
EndGlobal
