
Microsoft Visual Studio Solution File, Format Version 12.00
# Visual Studio Version 17
VisualStudioVersion = 17.5.33530.505
MinimumVisualStudioVersion = 10.0.40219.1
Project("{FAE04EC0-301F-11D3-BF4B-00C04F79EFBC}") = "Lojinha", "Lojinha\Lojinha.csproj", "{55C7BE12-687F-4AE2-9F7A-DA81B6668E32}"
EndProject
Global
	GlobalSection(SolutionConfigurationPlatforms) = preSolution
		Debug|Any CPU = Debug|Any CPU
		Release|Any CPU = Release|Any CPU
	EndGlobalSection
	GlobalSection(ProjectConfigurationPlatforms) = postSolution
		{55C7BE12-687F-4AE2-9F7A-DA81B6668E32}.Debug|Any CPU.ActiveCfg = Debug|Any CPU
		{55C7BE12-687F-4AE2-9F7A-DA81B6668E32}.Debug|Any CPU.Build.0 = Debug|Any CPU
		{55C7BE12-687F-4AE2-9F7A-DA81B6668E32}.Release|Any CPU.ActiveCfg = Release|Any CPU
		{55C7BE12-687F-4AE2-9F7A-DA81B6668E32}.Release|Any CPU.Build.0 = Release|Any CPU
	EndGlobalSection
	GlobalSection(SolutionProperties) = preSolution
		HideSolutionNode = FALSE
	EndGlobalSection
	GlobalSection(ExtensibilityGlobals) = postSolution
		SolutionGuid = {5B88EDC0-C8FA-4E9B-A38D-5DB85150962B}
	EndGlobalSection
EndGlobal
